
Microsoft Visual Studio Solution File, Format Version 12.00
# Visual Studio Version 16
VisualStudioVersion = 16.0.31702.278
MinimumVisualStudioVersion = 10.0.40219.1
Project("{FAE04EC0-301F-11D3-BF4B-00C04F79EFBC}") = "Config", "Config\Config.csproj", "{57F1E176-83EA-4EF0-80FC-63D7A255970A}"
EndProject
Project("{FAE04EC0-301F-11D3-BF4B-00C04F79EFBC}") = "Worker", "Worker\Worker.csproj", "{0651C4C7-6515-4466-87DD-972AFB48C2A1}"
EndProject
Global
	GlobalSection(SolutionConfigurationPlatforms) = preSolution
		Debug|Any CPU = Debug|Any CPU
		Release|Any CPU = Release|Any CPU
	EndGlobalSection
	GlobalSection(ProjectConfigurationPlatforms) = postSolution
		{57F1E176-83EA-4EF0-80FC-63D7A255970A}.Debug|Any CPU.ActiveCfg = Debug|Any CPU
		{57F1E176-83EA-4EF0-80FC-63D7A255970A}.Debug|Any CPU.Build.0 = Debug|Any CPU
		{57F1E176-83EA-4EF0-80FC-63D7A255970A}.Release|Any CPU.ActiveCfg = Release|Any CPU
		{57F1E176-83EA-4EF0-80FC-63D7A255970A}.Release|Any CPU.Build.0 = Release|Any CPU
		{0651C4C7-6515-4466-87DD-972AFB48C2A1}.Debug|Any CPU.ActiveCfg = Debug|Any CPU
		{0651C4C7-6515-4466-87DD-972AFB48C2A1}.Debug|Any CPU.Build.0 = Debug|Any CPU
		{0651C4C7-6515-4466-87DD-972AFB48C2A1}.Release|Any CPU.ActiveCfg = Release|Any CPU
		{0651C4C7-6515-4466-87DD-972AFB48C2A1}.Release|Any CPU.Build.0 = Release|Any CPU
	EndGlobalSection
	GlobalSection(SolutionProperties) = preSolution
		HideSolutionNode = FALSE
	EndGlobalSection
	GlobalSection(ExtensibilityGlobals) = postSolution
		SolutionGuid = {ADE4B8A7-2D69-46F8-A939-6DA94A7C8D3B}
	EndGlobalSection
EndGlobal
